
Microsoft Visual Studio Solution File, Format Version 12.00
# Visual Studio Version 16
VisualStudioVersion = 16.0.30406.217
MinimumVisualStudioVersion = 10.0.40219.1
Project("{9A19103F-16F7-4668-BE54-9A1E7A4F7556}") = "MQTTnet.AspNetCore.AttributeRouting", "MQTTnet.AspNetCore.AttributeRouting.csproj", "{B1CFA8BF-FEBA-4978-86A6-D052C4C44BA8}"
EndProject
Project("{FAE04EC0-301F-11D3-BF4B-00C04F79EFBC}") = "Example", "Example\Example.csproj", "{EAF719B1-BDB9-433C-BAC6-D07BE56A9796}"
EndProject
Global
	GlobalSection(SolutionConfigurationPlatforms) = preSolution
		Debug|Any CPU = Debug|Any CPU
		Release|Any CPU = Release|Any CPU
	EndGlobalSection
	GlobalSection(ProjectConfigurationPlatforms) = postSolution
		{B1CFA8BF-FEBA-4978-86A6-D052C4C44BA8}.Debug|Any CPU.ActiveCfg = Debug|Any CPU
		{B1CFA8BF-FEBA-4978-86A6-D052C4C44BA8}.Debug|Any CPU.Build.0 = Debug|Any CPU
		{B1CFA8BF-FEBA-4978-86A6-D052C4C44BA8}.Release|Any CPU.ActiveCfg = Release|Any CPU
		{B1CFA8BF-FEBA-4978-86A6-D052C4C44BA8}.Release|Any CPU.Build.0 = Release|Any CPU
		{EAF719B1-BDB9-433C-BAC6-D07BE56A9796}.Debug|Any CPU.ActiveCfg = Debug|Any CPU
		{EAF719B1-BDB9-433C-BAC6-D07BE56A9796}.Debug|Any CPU.Build.0 = Debug|Any CPU
		{EAF719B1-BDB9-433C-BAC6-D07BE56A9796}.Release|Any CPU.ActiveCfg = Release|Any CPU
		{EAF719B1-BDB9-433C-BAC6-D07BE56A9796}.Release|Any CPU.Build.0 = Release|Any CPU
	EndGlobalSection
	GlobalSection(SolutionProperties) = preSolution
		HideSolutionNode = FALSE
	EndGlobalSection
	GlobalSection(ExtensibilityGlobals) = postSolution
		SolutionGuid = {F05C9180-6F3D-4C3B-8B68-441DB87B2EEE}
	EndGlobalSection
EndGlobal
